// !$*UTF8*$!
{
	archiveVersion = 1;
	classes = {
	};
	objectVersion = 46;
	objects = {

/* Begin PBXBuildFile section */
		B67B349D1CC9EE0900599D60 /* AppDelegate.swift in Sources */ = {isa = PBXBuildFile; fileRef = B67B349C1CC9EE0900599D60 /* AppDelegate.swift */; };
		B67B349F1CC9EE0900599D60 /* GameScene.sks in Resources */ = {isa = PBXBuildFile; fileRef = B67B349E1CC9EE0900599D60 /* GameScene.sks */; };
		B67B34A11CC9EE0900599D60 /* GameScene.swift in Sources */ = {isa = PBXBuildFile; fileRef = B67B34A01CC9EE0900599D60 /* GameScene.swift */; };
		B67B34A31CC9EE0900599D60 /* GameViewController.swift in Sources */ = {isa = PBXBuildFile; fileRef = B67B34A21CC9EE0900599D60 /* GameViewController.swift */; };
		B67B34A61CC9EE0900599D60 /* Main.storyboard in Resources */ = {isa = PBXBuildFile; fileRef = B67B34A41CC9EE0900599D60 /* Main.storyboard */; };
		B67B34A81CC9EE0900599D60 /* Assets.xcassets in Resources */ = {isa = PBXBuildFile; fileRef = B67B34A71CC9EE0900599D60 /* Assets.xcassets */; };
		B67B34AB1CC9EE0900599D60 /* LaunchScreen.storyboard in Resources */ = {isa = PBXBuildFile; fileRef = B67B34A91CC9EE0900599D60 /* LaunchScreen.storyboard */; };
		B67B34B61CC9EE0A00599D60 /* ox_gameTests.swift in Sources */ = {isa = PBXBuildFile; fileRef = B67B34B51CC9EE0A00599D60 /* ox_gameTests.swift */; };
		B67B34C11CC9EE0A00599D60 /* ox_gameUITests.swift in Sources */ = {isa = PBXBuildFile; fileRef = B67B34C01CC9EE0A00599D60 /* ox_gameUITests.swift */; };
		B67B34CF1CC9F25400599D60 /* bg.png in Resources */ = {isa = PBXBuildFile; fileRef = B67B34CE1CC9F25400599D60 /* bg.png */; };
		B67B34D31CCA54B300599D60 /* o.png in Resources */ = {isa = PBXBuildFile; fileRef = B67B34D11CCA54B300599D60 /* o.png */; };
		B67B34D41CCA54B300599D60 /* x.png in Resources */ = {isa = PBXBuildFile; fileRef = B67B34D21CCA54B300599D60 /* x.png */; };
		B67B34D81CCA68C100599D60 /* reset.png in Resources */ = {isa = PBXBuildFile; fileRef = B67B34D71CCA68C100599D60 /* reset.png */; };
/* End PBXBuildFile section */

/* Begin PBXContainerItemProxy section */
		B67B34B21CC9EE0A00599D60 /* PBXContainerItemProxy */ = {
			isa = PBXContainerItemProxy;
			containerPortal = B67B34911CC9EE0900599D60 /* Project object */;
			proxyType = 1;
			remoteGlobalIDString = B67B34981CC9EE0900599D60;
			remoteInfo = "ox game";
		};
		B67B34BD1CC9EE0A00599D60 /* PBXContainerItemProxy */ = {
			isa = PBXContainerItemProxy;
			containerPortal = B67B34911CC9EE0900599D60 /* Project object */;
			proxyType = 1;
			remoteGlobalIDString = B67B34981CC9EE0900599D60;
			remoteInfo = "ox game";
		};
/* End PBXContainerItemProxy section */

/* Begin PBXFileReference section */
		B67B34991CC9EE0900599D60 /* ox game.app */ = {isa = PBXFileReference; explicitFileType = wrapper.application; includeInIndex = 0; path = "ox game.app"; sourceTree = BUILT_PRODUCTS_DIR; };
		B67B349C1CC9EE0900599D60 /* AppDelegate.swift */ = {isa = PBXFileReference; lastKnownFileType = sourcecode.swift; path = AppDelegate.swift; sourceTree = "<group>"; };
		B67B349E1CC9EE0900599D60 /* GameScene.sks */ = {isa = PBXFileReference; lastKnownFileType = file.sks; path = GameScene.sks; sourceTree = "<group>"; };
		B67B34A01CC9EE0900599D60 /* GameScene.swift */ = {isa = PBXFileReference; lastKnownFileType = sourcecode.swift; path = GameScene.swift; sourceTree = "<group>"; };
		B67B34A21CC9EE0900599D60 /* GameViewController.swift */ = {isa = PBXFileReference; lastKnownFileType = sourcecode.swift; path = GameViewController.swift; sourceTree = "<group>"; };
		B67B34A51CC9EE0900599D60 /* Base */ = {isa = PBXFileReference; lastKnownFileType = file.storyboard; name = Base; path = Base.lproj/Main.storyboard; sourceTree = "<group>"; };
		B67B34A71CC9EE0900599D60 /* Assets.xcassets */ = {isa = PBXFileReference; lastKnownFileType = folder.assetcatalog; path = Assets.xcassets; sourceTree = "<group>"; };
		B67B34AA1CC9EE0900599D60 /* Base */ = {isa = PBXFileReference; lastKnownFileType = file.storyboard; name = Base; path = Base.lproj/LaunchScreen.storyboard; sourceTree = "<group>"; };
		B67B34AC1CC9EE0900599D60 /* Info.plist */ = {isa = PBXFileReference; lastKnownFileType = text.plist.xml; path = Info.plist; sourceTree = "<group>"; };
		B67B34B11CC9EE0A00599D60 /* ox gameTests.xctest */ = {isa = PBXFileReference; explicitFileType = wrapper.cfbundle; includeInIndex = 0; path = "ox gameTests.xctest"; sourceTree = BUILT_PRODUCTS_DIR; };
		B67B34B51CC9EE0A00599D60 /* ox_gameTests.swift */ = {isa = PBXFileReference; lastKnownFileType = sourcecode.swift; path = ox_gameTests.swift; sourceTree = "<group>"; };
		B67B34B71CC9EE0A00599D60 /* Info.plist */ = {isa = PBXFileReference; lastKnownFileType = text.plist.xml; path = Info.plist; sourceTree = "<group>"; };
		B67B34BC1CC9EE0A00599D60 /* ox gameUITests.xctest */ = {isa = PBXFileReference; explicitFileType = wrapper.cfbundle; includeInIndex = 0; path = "ox gameUITests.xctest"; sourceTree = BUILT_PRODUCTS_DIR; };
		B67B34C01CC9EE0A00599D60 /* ox_gameUITests.swift */ = {isa = PBXFileReference; lastKnownFileType = sourcecode.swift; path = ox_gameUITests.swift; sourceTree = "<group>"; };
		B67B34C21CC9EE0A00599D60 /* Info.plist */ = {isa = PBXFileReference; lastKnownFileType = text.plist.xml; path = Info.plist; sourceTree = "<group>"; };
		B67B34CE1CC9F25400599D60 /* bg.png */ = {isa = PBXFileReference; lastKnownFileType = image.png; path = bg.png; sourceTree = "<group>"; };
		B67B34D11CCA54B300599D60 /* o.png */ = {isa = PBXFileReference; lastKnownFileType = image.png; path = o.png; sourceTree = "<group>"; };
		B67B34D21CCA54B300599D60 /* x.png */ = {isa = PBXFileReference; lastKnownFileType = image.png; path = x.png; sourceTree = "<group>"; };
		B67B34D71CCA68C100599D60 /* reset.png */ = {isa = PBXFileReference; lastKnownFileType = image.png; path = reset.png; sourceTree = "<group>"; };
/* End PBXFileReference section */

/* Begin PBXFrameworksBuildPhase section */
		B67B34961CC9EE0900599D60 /* Frameworks */ = {
			isa = PBXFrameworksBuildPhase;
			buildActionMask = 2147483647;
			files = (
			);
			runOnlyForDeploymentPostprocessing = 0;
		};
		B67B34AE1CC9EE0900599D60 /* Frameworks */ = {
			isa = PBXFrameworksBuildPhase;
			buildActionMask = 2147483647;
			files = (
			);
			runOnlyForDeploymentPostprocessing = 0;
		};
		B67B34B91CC9EE0A00599D60 /* Frameworks */ = {
			isa = PBXFrameworksBuildPhase;
			buildActionMask = 2147483647;
			files = (
			);
			runOnlyForDeploymentPostprocessing = 0;
		};
/* End PBXFrameworksBuildPhase section */

/* Begin PBXGroup section */
		B67B34901CC9EE0900599D60 = {
			isa = PBXGroup;
			children = (
				B67B34D01CC9F28B00599D60 /* Supporting Files */,
				B67B349B1CC9EE0900599D60 /* ox game */,
				B67B34B41CC9EE0A00599D60 /* ox gameTests */,
				B67B34BF1CC9EE0A00599D60 /* ox gameUITests */,
				B67B349A1CC9EE0900599D60 /* Products */,
			);
			sourceTree = "<group>";
		};
		B67B349A1CC9EE0900599D60 /* Products */ = {
			isa = PBXGroup;
			children = (
				B67B34991CC9EE0900599D60 /* ox game.app */,
				B67B34B11CC9EE0A00599D60 /* ox gameTests.xctest */,
				B67B34BC1CC9EE0A00599D60 /* ox gameUITests.xctest */,
			);
			name = Products;
			sourceTree = "<group>";
		};
		B67B349B1CC9EE0900599D60 /* ox game */ = {
			isa = PBXGroup;
			children = (
				B67B349C1CC9EE0900599D60 /* AppDelegate.swift */,
				B67B349E1CC9EE0900599D60 /* GameScene.sks */,
				B67B34A01CC9EE0900599D60 /* GameScene.swift */,
				B67B34A21CC9EE0900599D60 /* GameViewController.swift */,
				B67B34A41CC9EE0900599D60 /* Main.storyboard */,
				B67B34A71CC9EE0900599D60 /* Assets.xcassets */,
				B67B34A91CC9EE0900599D60 /* LaunchScreen.storyboard */,
				B67B34AC1CC9EE0900599D60 /* Info.plist */,
			);
			path = "ox game";
			sourceTree = "<group>";
		};
		B67B34B41CC9EE0A00599D60 /* ox gameTests */ = {
			isa = PBXGroup;
			children = (
				B67B34B51CC9EE0A00599D60 /* ox_gameTests.swift */,
				B67B34B71CC9EE0A00599D60 /* Info.plist */,
			);
			path = "ox gameTests";
			sourceTree = "<group>";
		};
		B67B34BF1CC9EE0A00599D60 /* ox gameUITests */ = {
			isa = PBXGroup;
			children = (
				B67B34C01CC9EE0A00599D60 /* ox_gameUITests.swift */,
				B67B34C21CC9EE0A00599D60 /* Info.plist */,
			);
			path = "ox gameUITests";
			sourceTree = "<group>";
		};
		B67B34D01CC9F28B00599D60 /* Supporting Files */ = {
			isa = PBXGroup;
			children = (
				B67B34D11CCA54B300599D60 /* o.png */,
				B67B34D21CCA54B300599D60 /* x.png */,
				B67B34CE1CC9F25400599D60 /* bg.png */,
				B67B34D71CCA68C100599D60 /* reset.png */,
			);
			name = "Supporting Files";
			sourceTree = "<group>";
		};
/* End PBXGroup section */

/* Begin PBXNativeTarget section */
		B67B34981CC9EE0900599D60 /* ox game */ = {
			isa = PBXNativeTarget;
			buildConfigurationList = B67B34C51CC9EE0A00599D60 /* Build configuration list for PBXNativeTarget "ox game" */;
			buildPhases = (
				B67B34951CC9EE0900599D60 /* Sources */,
				B67B34961CC9EE0900599D60 /* Frameworks */,
				B67B34971CC9EE0900599D60 /* Resources */,
			);
			buildRules = (
			);
			dependencies = (
			);
			name = "ox game";
			productName = "ox game";
			productReference = B67B34991CC9EE0900599D60 /* ox game.app */;
			productType = "com.apple.product-type.application";
		};
		B67B34B01CC9EE0900599D60 /* ox gameTests */ = {
			isa = PBXNativeTarget;
			buildConfigurationList = B67B34C81CC9EE0A00599D60 /* Build configuration list for PBXNativeTarget "ox gameTests" */;
			buildPhases = (
				B67B34AD1CC9EE0900599D60 /* Sources */,
				B67B34AE1CC9EE0900599D60 /* Frameworks */,
				B67B34AF1CC9EE0900599D60 /* Resources */,
			);
			buildRules = (
			);
			dependencies = (
				B67B34B31CC9EE0A00599D60 /* PBXTargetDependency */,
			);
			name = "ox gameTests";
			productName = "ox gameTests";
			productReference = B67B34B11CC9EE0A00599D60 /* ox gameTests.xctest */;
			productType = "com.apple.product-type.bundle.unit-test";
		};
		B67B34BB1CC9EE0A00599D60 /* ox gameUITests */ = {
			isa = PBXNativeTarget;
			buildConfigurationList = B67B34CB1CC9EE0A00599D60 /* Build configuration list for PBXNativeTarget "ox gameUITests" */;
			buildPhases = (
				B67B34B81CC9EE0A00599D60 /* Sources */,
				B67B34B91CC9EE0A00599D60 /* Frameworks */,
				B67B34BA1CC9EE0A00599D60 /* Resources */,
			);
			buildRules = (
			);
			dependencies = (
				B67B34BE1CC9EE0A00599D60 /* PBXTargetDependency */,
			);
			name = "ox gameUITests";
			productName = "ox gameUITests";
			productReference = B67B34BC1CC9EE0A00599D60 /* ox gameUITests.xctest */;
			productType = "com.apple.product-type.bundle.ui-testing";
		};
/* End PBXNativeTarget section */

/* Begin PBXProject section */
		B67B34911CC9EE0900599D60 /* Project object */ = {
			isa = PBXProject;
			attributes = {
				LastSwiftUpdateCheck = 0730;
				LastUpgradeCheck = 0730;
				ORGANIZATIONNAME = "時津幸司";
				TargetAttributes = {
					B67B34981CC9EE0900599D60 = {
						CreatedOnToolsVersion = 7.3;
						DevelopmentTeam = AUV47J59M2;
					};
					B67B34B01CC9EE0900599D60 = {
						CreatedOnToolsVersion = 7.3;
						TestTargetID = B67B34981CC9EE0900599D60;
					};
					B67B34BB1CC9EE0A00599D60 = {
						CreatedOnToolsVersion = 7.3;
						TestTargetID = B67B34981CC9EE0900599D60;
					};
				};
			};
			buildConfigurationList = B67B34941CC9EE0900599D60 /* Build configuration list for PBXProject "ox game" */;
			compatibilityVersion = "Xcode 3.2";
			developmentRegion = English;
			hasScannedForEncodings = 0;
			knownRegions = (
				en,
				Base,
			);
			mainGroup = B67B34901CC9EE0900599D60;
			productRefGroup = B67B349A1CC9EE0900599D60 /* Products */;
			projectDirPath = "";
			projectRoot = "";
			targets = (
				B67B34981CC9EE0900599D60 /* ox game */,
				B67B34B01CC9EE0900599D60 /* ox gameTests */,
				B67B34BB1CC9EE0A00599D60 /* ox gameUITests */,
			);
		};
/* End PBXProject section */

/* Begin PBXResourcesBuildPhase section */
		B67B34971CC9EE0900599D60 /* Resources */ = {
			isa = PBXResourcesBuildPhase;
			buildActionMask = 2147483647;
			files = (
				B67B34CF1CC9F25400599D60 /* bg.png in Resources */,
				B67B349F1CC9EE0900599D60 /* GameScene.sks in Resources */,
				B67B34D41CCA54B300599D60 /* x.png in Resources */,
				B67B34AB1CC9EE0900599D60 /* LaunchScreen.storyboard in Resources */,
				B67B34D31CCA54B300599D60 /* o.png in Resources */,
				B67B34A81CC9EE0900599D60 /* Assets.xcassets in Resources */,
				B67B34A61CC9EE0900599D60 /* Main.storyboard in Resources */,
				B67B34D81CCA68C100599D60 /* reset.png in Resources */,
			);
			runOnlyForDeploymentPostprocessing = 0;
		};
		B67B34AF1CC9EE0900599D60 /* Resources */ = {
			isa = PBXResourcesBuildPhase;
			buildActionMask = 2147483647;
			files = (
			);
			runOnlyForDeploymentPostprocessing = 0;
		};
		B67B34BA1CC9EE0A00599D60 /* Resources */ = {
			isa = PBXResourcesBuildPhase;
			buildActionMask = 2147483647;
			files = (
			);
			runOnlyForDeploymentPostprocessing = 0;
		};
/* End PBXResourcesBuildPhase section */

/* Begin PBXSourcesBuildPhase section */
		B67B34951CC9EE0900599D60 /* Sources */ = {
			isa = PBXSourcesBuildPhase;
			buildActionMask = 2147483647;
			files = (
				B67B34A11CC9EE0900599D60 /* GameScene.swift in Sources */,
				B67B34A31CC9EE0900599D60 /* GameViewController.swift in Sources */,
				B67B349D1CC9EE0900599D60 /* AppDelegate.swift in Sources */,
			);
			runOnlyForDeploymentPostprocessing = 0;
		};
		B67B34AD1CC9EE0900599D60 /* Sources */ = {
			isa = PBXSourcesBuildPhase;
			buildActionMask = 2147483647;
			files = (
				B67B34B61CC9EE0A00599D60 /* ox_gameTests.swift in Sources */,
			);
			runOnlyForDeploymentPostprocessing = 0;
		};
		B67B34B81CC9EE0A00599D60 /* Sources */ = {
			isa = PBXSourcesBuildPhase;
			buildActionMask = 2147483647;
			files = (
				B67B34C11CC9EE0A00599D60 /* ox_gameUITests.swift in Sources */,
			);
			runOnlyForDeploymentPostprocessing = 0;
		};
/* End PBXSourcesBuildPhase section */

/* Begin PBXTargetDependency section */
		B67B34B31CC9EE0A00599D60 /* PBXTargetDependency */ = {
			isa = PBXTargetDependency;
			target = B67B34981CC9EE0900599D60 /* ox game */;
			targetProxy = B67B34B21CC9EE0A00599D60 /* PBXContainerItemProxy */;
		};
		B67B34BE1CC9EE0A00599D60 /* PBXTargetDependency */ = {
			isa = PBXTargetDependency;
			target = B67B34981CC9EE0900599D60 /* ox game */;
			targetProxy = B67B34BD1CC9EE0A00599D60 /* PBXContainerItemProxy */;
		};
/* End PBXTargetDependency section */

/* Begin PBXVariantGroup section */
		B67B34A41CC9EE0900599D60 /* Main.storyboard */ = {
			isa = PBXVariantGroup;
			children = (
				B67B34A51CC9EE0900599D60 /* Base */,
			);
			name = Main.storyboard;
			sourceTree = "<group>";
		};
		B67B34A91CC9EE0900599D60 /* LaunchScreen.storyboard */ = {
			isa = PBXVariantGroup;
			children = (
				B67B34AA1CC9EE0900599D60 /* Base */,
			);
			name = LaunchScreen.storyboard;
			sourceTree = "<group>";
		};
/* End PBXVariantGroup section */

/* Begin XCBuildConfiguration section */
		B67B34C31CC9EE0A00599D60 /* Debug */ = {
			isa = XCBuildConfiguration;
			buildSettings = {
				ALWAYS_SEARCH_USER_PATHS = NO;
				CLANG_ANALYZER_NONNULL = YES;
				CLANG_CXX_LANGUAGE_STANDARD = "gnu++0x";
				CLANG_CXX_LIBRARY = "libc++";
				CLANG_ENABLE_MODULES = YES;
				CLANG_ENABLE_OBJC_ARC = YES;
				CLANG_WARN_BOOL_CONVERSION = YES;
				CLANG_WARN_CONSTANT_CONVERSION = YES;
				CLANG_WARN_DIRECT_OBJC_ISA_USAGE = YES_ERROR;
				CLANG_WARN_EMPTY_BODY = YES;
				CLANG_WARN_ENUM_CONVERSION = YES;
				CLANG_WARN_INT_CONVERSION = YES;
				CLANG_WARN_OBJC_ROOT_CLASS = YES_ERROR;
				CLANG_WARN_UNREACHABLE_CODE = YES;
				CLANG_WARN__DUPLICATE_METHOD_MATCH = YES;
				"CODE_SIGN_IDENTITY[sdk=iphoneos*]" = "iPhone Developer";
				COPY_PHASE_STRIP = NO;
				DEBUG_INFORMATION_FORMAT = "dwarf-with-dsym";
				ENABLE_STRICT_OBJC_MSGSEND = YES;
				ENABLE_TESTABILITY = YES;
				GCC_C_LANGUAGE_STANDARD = gnu99;
				GCC_DYNAMIC_NO_PIC = NO;
				GCC_NO_COMMON_BLOCKS = YES;
				GCC_OPTIMIZATION_LEVEL = 0;
				GCC_PREPROCESSOR_DEFINITIONS = (
					"DEBUG=1",
					"$(inherited)",
				);
				GCC_WARN_64_TO_32_BIT_CONVERSION = YES;
				GCC_WARN_ABOUT_RETURN_TYPE = YES_ERROR;
				GCC_WARN_UNDECLARED_SELECTOR = YES;
				GCC_WARN_UNINITIALIZED_AUTOS = YES_AGGRESSIVE;
				GCC_WARN_UNUSED_FUNCTION = YES;
				GCC_WARN_UNUSED_VARIABLE = YES;
				IPHONEOS_DEPLOYMENT_TARGET = 9.3;
				MTL_ENABLE_DEBUG_INFO = YES;
				ONLY_ACTIVE_ARCH = YES;
				SDKROOT = iphoneos;
				SWIFT_OPTIMIZATION_LEVEL = "-Onone";
			};
			name = Debug;
		};
		B67B34C41CC9EE0A00599D60 /* Release */ = {
			isa = XCBuildConfiguration;
			buildSettings = {
				ALWAYS_SEARCH_USER_PATHS = NO;
				CLANG_ANALYZER_NONNULL = YES;
				CLANG_CXX_LANGUAGE_STANDARD = "gnu++0x";
				CLANG_CXX_LIBRARY = "libc++";
				CLANG_ENABLE_MODULES = YES;
				CLANG_ENABLE_OBJC_ARC = YES;
				CLANG_WARN_BOOL_CONVERSION = YES;
				CLANG_WARN_CONSTANT_CONVERSION = YES;
				CLANG_WARN_DIRECT_OBJC_ISA_USAGE = YES_ERROR;
				CLANG_WARN_EMPTY_BODY = YES;
				CLANG_WARN_ENUM_CONVERSION = YES;
				CLANG_WARN_INT_CONVERSION = YES;
				CLANG_WARN_OBJC_ROOT_CLASS = YES_ERROR;
				CLANG_WARN_UNREACHABLE_CODE = YES;
				CLANG_WARN__DUPLICATE_METHOD_MATCH = YES;
				"CODE_SIGN_IDENTITY[sdk=iphoneos*]" = "iPhone Developer";
				COPY_PHASE_STRIP = NO;
				DEBUG_INFORMATION_FORMAT = "dwarf-with-dsym";
				ENABLE_NS_ASSERTIONS = NO;
				ENABLE_STRICT_OBJC_MSGSEND = YES;
				GCC_C_LANGUAGE_STANDARD = gnu99;
				GCC_NO_COMMON_BLOCKS = YES;
				GCC_WARN_64_TO_32_BIT_CONVERSION = YES;
				GCC_WARN_ABOUT_RETURN_TYPE = YES_ERROR;
				GCC_WARN_UNDECLARED_SELECTOR = YES;
				GCC_WARN_UNINITIALIZED_AUTOS = YES_AGGRESSIVE;
				GCC_WARN_UNUSED_FUNCTION = YES;
				GCC_WARN_UNUSED_VARIABLE = YES;
				IPHONEOS_DEPLOYMENT_TARGET = 9.3;
				MTL_ENABLE_DEBUG_INFO = NO;
				SDKROOT = iphoneos;
				VALIDATE_PRODUCT = YES;
			};
			name = Release;
		};
		B67B34C61CC9EE0A00599D60 /* Debug */ = {
			isa = XCBuildConfiguration;
			buildSettings = {
				ASSETCATALOG_COMPILER_APPICON_NAME = AppIcon;
				CODE_SIGN_IDENTITY = "iPhone Developer";
				"CODE_SIGN_IDENTITY[sdk=iphoneos*]" = "iPhone Developer";
				INFOPLIST_FILE = "ox game/Info.plist";
				LD_RUNPATH_SEARCH_PATHS = "$(inherited) @executable_path/Frameworks";
				PRODUCT_BUNDLE_IDENTIFIER = "toxico.ox-game";
				PRODUCT_NAME = "$(TARGET_NAME)";
				PROVISIONING_PROFILE = "";
			};
			name = Debug;
		};
		B67B34C71CC9EE0A00599D60 /* Release */ = {
			isa = XCBuildConfiguration;
			buildSettings = {
				ASSETCATALOG_COMPILER_APPICON_NAME = AppIcon;
				CODE_SIGN_IDENTITY = "iPhone Developer";
				"CODE_SIGN_IDENTITY[sdk=iphoneos*]" = "iPhone Developer";
				INFOPLIST_FILE = "ox game/Info.plist";
				LD_RUNPATH_SEARCH_PATHS = "$(inherited) @executable_path/Frameworks";
				PRODUCT_BUNDLE_IDENTIFIER = "toxico.ox-game";
				PRODUCT_NAME = "$(TARGET_NAME)";
				PROVISIONING_PROFILE = "";
			};
			name = Release;
		};
		B67B34C91CC9EE0A00599D60 /* Debug */ = {
			isa = XCBuildConfiguration;
			buildSettings = {
				BUNDLE_LOADER = "$(TEST_HOST)";
				DEBUG_INFORMATION_FORMAT = dwarf;
				INFOPLIST_FILE = "ox gameTests/Info.plist";
				LD_RUNPATH_SEARCH_PATHS = "$(inherited) @executable_path/Frameworks @loader_path/Frameworks";
				PRODUCT_BUNDLE_IDENTIFIER = "toxico.ox-gameTests";
				PRODUCT_NAME = "$(TARGET_NAME)";
				TEST_HOST = "$(BUILT_PRODUCTS_DIR)/ox game.app/ox game";
			};
			name = Debug;
		};
		B67B34CA1CC9EE0A00599D60 /* Release */ = {
			isa = XCBuildConfiguration;
			buildSettings = {
				BUNDLE_LOADER = "$(TEST_HOST)";
				INFOPLIST_FILE = "ox gameTests/Info.plist";
				LD_RUNPATH_SEARCH_PATHS = "$(inherited) @executable_path/Frameworks @loader_path/Frameworks";
				PRODUCT_BUNDLE_IDENTIFIER = "toxico.ox-gameTests";
				PRODUCT_NAME = "$(TARGET_NAME)";
				TEST_HOST = "$(BUILT_PRODUCTS_DIR)/ox game.app/ox game";
			};
			name = Release;
		};
		B67B34CC1CC9EE0A00599D60 /* Debug */ = {
			isa = XCBuildConfiguration;
			buildSettings = {
				DEBUG_INFORMATION_FORMAT = dwarf;
				INFOPLIST_FILE = "ox gameUITests/Info.plist";
				LD_RUNPATH_SEARCH_PATHS = "$(inherited) @executable_path/Frameworks @loader_path/Frameworks";
				PRODUCT_BUNDLE_IDENTIFIER = "toxico.ox-gameUITests";
				PRODUCT_NAME = "$(TARGET_NAME)";
				TEST_TARGET_NAME = "ox game";
			};
			name = Debug;
		};
		B67B34CD1CC9EE0A00599D60 /* Release */ = {
			isa = XCBuildConfiguration;
			buildSettings = {
				INFOPLIST_FILE = "ox gameUITests/Info.plist";
				LD_RUNPATH_SEARCH_PATHS = "$(inherited) @executable_path/Frameworks @loader_path/Frameworks";
				PRODUCT_BUNDLE_IDENTIFIER = "toxico.ox-gameUITests";
				PRODUCT_NAME = "$(TARGET_NAME)";
				TEST_TARGET_NAME = "ox game";
			};
			name = Release;
		};
/* End XCBuildConfiguration section */

/* Begin XCConfigurationList section */
		B67B34941CC9EE0900599D60 /* Build configuration list for PBXProject "ox game" */ = {
			isa = XCConfigurationList;
			buildConfigurations = (
				B67B34C31CC9EE0A00599D60 /* Debug */,
				B67B34C41CC9EE0A00599D60 /* Release */,
			);
			defaultConfigurationIsVisible = 0;
			defaultConfigurationName = Release;
		};
		B67B34C51CC9EE0A00599D60 /* Build configuration list for PBXNativeTarget "ox game" */ = {
			isa = XCConfigurationList;
			buildConfigurations = (
				B67B34C61CC9EE0A00599D60 /* Debug */,
				B67B34C71CC9EE0A00599D60 /* Release */,
			);
			defaultConfigurationIsVisible = 0;
			defaultConfigurationName = Release;
		};
		B67B34C81CC9EE0A00599D60 /* Build configuration list for PBXNativeTarget "ox gameTests" */ = {
			isa = XCConfigurationList;
			buildConfigurations = (
				B67B34C91CC9EE0A00599D60 /* Debug */,
				B67B34CA1CC9EE0A00599D60 /* Release */,
			);
			defaultConfigurationIsVisible = 0;
			defaultConfigurationName = Release;
		};
		B67B34CB1CC9EE0A00599D60 /* Build configuration list for PBXNativeTarget "ox gameUITests" */ = {
			isa = XCConfigurationList;
			buildConfigurations = (
				B67B34CC1CC9EE0A00599D60 /* Debug */,
				B67B34CD1CC9EE0A00599D60 /* Release */,
			);
			defaultConfigurationIsVisible = 0;
			defaultConfigurationName = Release;
		};
/* End XCConfigurationList section */
	};
	rootObject = B67B34911CC9EE0900599D60 /* Project object */;
}
